
Microsoft Visual Studio Solution File, Format Version 12.00
# Visual Studio 15
VisualStudioVersion = 15.0.26228.9
MinimumVisualStudioVersion = 10.0.40219.1
Project("{FAE04EC0-301F-11D3-BF4B-00C04F79EFBC}") = "EhProducer", "EhProducer\EhProducer.csproj", "{92A8D10C-6081-4536-A9BD-9E16ED03F959}"
EndProject
Project("{FAE04EC0-301F-11D3-BF4B-00C04F79EFBC}") = "WebProducer", "WebProducer\WebProducer.csproj", "{A22C2F69-8F2D-4803-AE80-08DBDB895CD2}"
EndProject
Global
	GlobalSection(SolutionConfigurationPlatforms) = preSolution
		Debug|Any CPU = Debug|Any CPU
		Release|Any CPU = Release|Any CPU
	EndGlobalSection
	GlobalSection(ProjectConfigurationPlatforms) = postSolution
		{92A8D10C-6081-4536-A9BD-9E16ED03F959}.Debug|Any CPU.ActiveCfg = Debug|Any CPU
		{92A8D10C-6081-4536-A9BD-9E16ED03F959}.Debug|Any CPU.Build.0 = Debug|Any CPU
		{92A8D10C-6081-4536-A9BD-9E16ED03F959}.Release|Any CPU.ActiveCfg = Release|Any CPU
		{92A8D10C-6081-4536-A9BD-9E16ED03F959}.Release|Any CPU.Build.0 = Release|Any CPU
		{A22C2F69-8F2D-4803-AE80-08DBDB895CD2}.Debug|Any CPU.ActiveCfg = Debug|Any CPU
		{A22C2F69-8F2D-4803-AE80-08DBDB895CD2}.Debug|Any CPU.Build.0 = Debug|Any CPU
		{A22C2F69-8F2D-4803-AE80-08DBDB895CD2}.Release|Any CPU.ActiveCfg = Release|Any CPU
		{A22C2F69-8F2D-4803-AE80-08DBDB895CD2}.Release|Any CPU.Build.0 = Release|Any CPU
	EndGlobalSection
	GlobalSection(SolutionProperties) = preSolution
		HideSolutionNode = FALSE
	EndGlobalSection
EndGlobal
